
Microsoft Visual Studio Solution File, Format Version 12.00
# Visual Studio Version 16
VisualStudioVersion = 16.0.31624.102
MinimumVisualStudioVersion = 10.0.40219.1
Project("{FAE04EC0-301F-11D3-BF4B-00C04F79EFBC}") = "DS", "DS.csproj", "{7B5F2410-2393-4238-8093-37878D185C86}"
EndProject
Global
	GlobalSection(SolutionConfigurationPlatforms) = preSolution
		Debug|Any CPU = Debug|Any CPU
		Release|Any CPU = Release|Any CPU
	EndGlobalSection
	GlobalSection(ProjectConfigurationPlatforms) = postSolution
		{7B5F2410-2393-4238-8093-37878D185C86}.Debug|Any CPU.ActiveCfg = Debug|Any CPU
		{7B5F2410-2393-4238-8093-37878D185C86}.Debug|Any CPU.Build.0 = Debug|Any CPU
		{7B5F2410-2393-4238-8093-37878D185C86}.Release|Any CPU.ActiveCfg = Release|Any CPU
		{7B5F2410-2393-4238-8093-37878D185C86}.Release|Any CPU.Build.0 = Release|Any CPU
	EndGlobalSection
	GlobalSection(SolutionProperties) = preSolution
		HideSolutionNode = FALSE
	EndGlobalSection
	GlobalSection(ExtensibilityGlobals) = postSolution
		SolutionGuid = {627A3530-A21F-4C74-A085-8B5E9503EF74}
	EndGlobalSection
EndGlobal
